// !$*UTF8*$!
{
	archiveVersion = 1;
	classes = {
	};
	objectVersion = 52;
	objects = {

/* Begin PBXBuildFile section */
		1A2DFEC0246323BA00A682F6 /* Api.swift in Sources */ = {isa = PBXBuildFile; fileRef = 1A2DFEBF246323BA00A682F6 /* Api.swift */; };
		1A3A2AFF2468503F0010A43C /* MovieCell.swift in Sources */ = {isa = PBXBuildFile; fileRef = 1A3A2AFE2468503F0010A43C /* MovieCell.swift */; };
		1A3A2B0E24685FF80010A43C /* Kingfisher in Frameworks */ = {isa = PBXBuildFile; productRef = 1A3A2B0D24685FF80010A43C /* Kingfisher */; };
		1AAC248A2420252E00BEC019 /* AppDelegate.swift in Sources */ = {isa = PBXBuildFile; fileRef = 1AAC24892420252E00BEC019 /* AppDelegate.swift */; };
		1AAC248C2420252E00BEC019 /* SceneDelegate.swift in Sources */ = {isa = PBXBuildFile; fileRef = 1AAC248B2420252E00BEC019 /* SceneDelegate.swift */; };
		1AAC248E2420252E00BEC019 /* SearchViewController.swift in Sources */ = {isa = PBXBuildFile; fileRef = 1AAC248D2420252E00BEC019 /* SearchViewController.swift */; };
		1AAC24912420252E00BEC019 /* Main.storyboard in Resources */ = {isa = PBXBuildFile; fileRef = 1AAC248F2420252E00BEC019 /* Main.storyboard */; };
		1AAC24932420252F00BEC019 /* Assets.xcassets in Resources */ = {isa = PBXBuildFile; fileRef = 1AAC24922420252F00BEC019 /* Assets.xcassets */; };
		1AAC24962420252F00BEC019 /* LaunchScreen.storyboard in Resources */ = {isa = PBXBuildFile; fileRef = 1AAC24942420252F00BEC019 /* LaunchScreen.storyboard */; };
		1AD0F3602466083200C47F0B /* HTTPMethod.swift in Sources */ = {isa = PBXBuildFile; fileRef = 1AD0F35F2466083200C47F0B /* HTTPMethod.swift */; };
		1AD0F3622466095000C47F0B /* Result.swift in Sources */ = {isa = PBXBuildFile; fileRef = 1AD0F3612466095000C47F0B /* Result.swift */; };
		1AD0F36424660AAB00C47F0B /* URLSession.swift in Sources */ = {isa = PBXBuildFile; fileRef = 1AD0F36324660AAB00C47F0B /* URLSession.swift */; };
		1AD0F367246612B000C47F0B /* PagingResponse.swift in Sources */ = {isa = PBXBuildFile; fileRef = 1AD0F366246612B000C47F0B /* PagingResponse.swift */; };
		1AD0F369246613D400C47F0B /* Search.swift in Sources */ = {isa = PBXBuildFile; fileRef = 1AD0F368246613D400C47F0B /* Search.swift */; };
		1AD0F36B246613F300C47F0B /* KnownFor.swift in Sources */ = {isa = PBXBuildFile; fileRef = 1AD0F36A246613F300C47F0B /* KnownFor.swift */; };
/* End PBXBuildFile section */

/* Begin PBXCopyFilesBuildPhase section */
		1A3A2B0B24685CFD0010A43C /* Embed Frameworks */ = {
			isa = PBXCopyFilesBuildPhase;
			buildActionMask = 2147483647;
			dstPath = "";
			dstSubfolderSpec = 10;
			files = (
			);
			name = "Embed Frameworks";
			runOnlyForDeploymentPostprocessing = 0;
		};
/* End PBXCopyFilesBuildPhase section */

/* Begin PBXFileReference section */
		1A2DFEBF246323BA00A682F6 /* Api.swift */ = {isa = PBXFileReference; lastKnownFileType = sourcecode.swift; path = Api.swift; sourceTree = "<group>"; };
		1A3A2AFE2468503F0010A43C /* MovieCell.swift */ = {isa = PBXFileReference; lastKnownFileType = sourcecode.swift; path = MovieCell.swift; sourceTree = "<group>"; };
		1AAC24862420252E00BEC019 /* todomovie.app */ = {isa = PBXFileReference; explicitFileType = wrapper.application; includeInIndex = 0; path = todomovie.app; sourceTree = BUILT_PRODUCTS_DIR; };
		1AAC24892420252E00BEC019 /* AppDelegate.swift */ = {isa = PBXFileReference; lastKnownFileType = sourcecode.swift; path = AppDelegate.swift; sourceTree = "<group>"; };
		1AAC248B2420252E00BEC019 /* SceneDelegate.swift */ = {isa = PBXFileReference; lastKnownFileType = sourcecode.swift; path = SceneDelegate.swift; sourceTree = "<group>"; };
		1AAC248D2420252E00BEC019 /* SearchViewController.swift */ = {isa = PBXFileReference; lastKnownFileType = sourcecode.swift; path = SearchViewController.swift; sourceTree = "<group>"; };
		1AAC24902420252E00BEC019 /* Base */ = {isa = PBXFileReference; lastKnownFileType = file.storyboard; name = Base; path = Base.lproj/Main.storyboard; sourceTree = "<group>"; };
		1AAC24922420252F00BEC019 /* Assets.xcassets */ = {isa = PBXFileReference; lastKnownFileType = folder.assetcatalog; path = Assets.xcassets; sourceTree = "<group>"; };
		1AAC24952420252F00BEC019 /* Base */ = {isa = PBXFileReference; lastKnownFileType = file.storyboard; name = Base; path = Base.lproj/LaunchScreen.storyboard; sourceTree = "<group>"; };
		1AAC24972420252F00BEC019 /* Info.plist */ = {isa = PBXFileReference; lastKnownFileType = text.plist.xml; path = Info.plist; sourceTree = "<group>"; };
		1AD0F35F2466083200C47F0B /* HTTPMethod.swift */ = {isa = PBXFileReference; lastKnownFileType = sourcecode.swift; path = HTTPMethod.swift; sourceTree = "<group>"; };
		1AD0F3612466095000C47F0B /* Result.swift */ = {isa = PBXFileReference; lastKnownFileType = sourcecode.swift; path = Result.swift; sourceTree = "<group>"; };
		1AD0F36324660AAB00C47F0B /* URLSession.swift */ = {isa = PBXFileReference; lastKnownFileType = sourcecode.swift; path = URLSession.swift; sourceTree = "<group>"; };
		1AD0F366246612B000C47F0B /* PagingResponse.swift */ = {isa = PBXFileReference; lastKnownFileType = sourcecode.swift; path = PagingResponse.swift; sourceTree = "<group>"; };
		1AD0F368246613D400C47F0B /* Search.swift */ = {isa = PBXFileReference; lastKnownFileType = sourcecode.swift; path = Search.swift; sourceTree = "<group>"; };
		1AD0F36A246613F300C47F0B /* KnownFor.swift */ = {isa = PBXFileReference; lastKnownFileType = sourcecode.swift; path = KnownFor.swift; sourceTree = "<group>"; };
/* End PBXFileReference section */

/* Begin PBXFrameworksBuildPhase section */
		1AAC24832420252E00BEC019 /* Frameworks */ = {
			isa = PBXFrameworksBuildPhase;
			buildActionMask = 2147483647;
			files = (
				1A3A2B0E24685FF80010A43C /* Kingfisher in Frameworks */,
			);
			runOnlyForDeploymentPostprocessing = 0;
		};
/* End PBXFrameworksBuildPhase section */

/* Begin PBXGroup section */
		1AAC247D2420252E00BEC019 = {
			isa = PBXGroup;
			children = (
				1AAC24882420252E00BEC019 /* todomovie */,
				1AAC24872420252E00BEC019 /* Products */,
			);
			sourceTree = "<group>";
		};
		1AAC24872420252E00BEC019 /* Products */ = {
			isa = PBXGroup;
			children = (
				1AAC24862420252E00BEC019 /* todomovie.app */,
			);
			name = Products;
			sourceTree = "<group>";
		};
		1AAC24882420252E00BEC019 /* todomovie */ = {
			isa = PBXGroup;
			children = (
				1AC3EEE724636699008AA518 /* network */,
				1AAC24892420252E00BEC019 /* AppDelegate.swift */,
				1AAC248B2420252E00BEC019 /* SceneDelegate.swift */,
				1AAC248D2420252E00BEC019 /* SearchViewController.swift */,
				1A3A2AFE2468503F0010A43C /* MovieCell.swift */,
				1AAC248F2420252E00BEC019 /* Main.storyboard */,
				1AAC24922420252F00BEC019 /* Assets.xcassets */,
				1AAC24942420252F00BEC019 /* LaunchScreen.storyboard */,
				1AAC24972420252F00BEC019 /* Info.plist */,
			);
			path = todomovie;
			sourceTree = "<group>";
		};
		1AC3EEE724636699008AA518 /* network */ = {
			isa = PBXGroup;
			children = (
				1AD0F3652466129D00C47F0B /* response */,
				1A2DFEBF246323BA00A682F6 /* Api.swift */,
				1AD0F35F2466083200C47F0B /* HTTPMethod.swift */,
				1AD0F3612466095000C47F0B /* Result.swift */,
				1AD0F36324660AAB00C47F0B /* URLSession.swift */,
			);
			path = network;
			sourceTree = "<group>";
		};
		1AD0F3652466129D00C47F0B /* response */ = {
			isa = PBXGroup;
			children = (
				1AD0F366246612B000C47F0B /* PagingResponse.swift */,
				1AD0F368246613D400C47F0B /* Search.swift */,
				1AD0F36A246613F300C47F0B /* KnownFor.swift */,
			);
			path = response;
			sourceTree = "<group>";
		};
/* End PBXGroup section */

/* Begin PBXNativeTarget section */
		1AAC24852420252E00BEC019 /* todomovie */ = {
			isa = PBXNativeTarget;
			buildConfigurationList = 1AAC249A2420252F00BEC019 /* Build configuration list for PBXNativeTarget "todomovie" */;
			buildPhases = (
				1AAC24822420252E00BEC019 /* Sources */,
				1AAC24832420252E00BEC019 /* Frameworks */,
				1AAC24842420252E00BEC019 /* Resources */,
				1A3A2B0B24685CFD0010A43C /* Embed Frameworks */,
			);
			buildRules = (
			);
			dependencies = (
			);
			name = todomovie;
			packageProductDependencies = (
				1A3A2B0D24685FF80010A43C /* Kingfisher */,
			);
			productName = todomovie;
			productReference = 1AAC24862420252E00BEC019 /* todomovie.app */;
			productType = "com.apple.product-type.application";
		};
/* End PBXNativeTarget section */

/* Begin PBXProject section */
		1AAC247E2420252E00BEC019 /* Project object */ = {
			isa = PBXProject;
			attributes = {
				LastSwiftUpdateCheck = 1130;
				LastUpgradeCheck = 1130;
				ORGANIZATIONNAME = "Deniz Tunç Tuncer";
				TargetAttributes = {
					1AAC24852420252E00BEC019 = {
						CreatedOnToolsVersion = 11.3.1;
					};
				};
			};
			buildConfigurationList = 1AAC24812420252E00BEC019 /* Build configuration list for PBXProject "todomovie" */;
			compatibilityVersion = "Xcode 9.3";
			developmentRegion = en;
			hasScannedForEncodings = 0;
			knownRegions = (
				en,
				Base,
			);
			mainGroup = 1AAC247D2420252E00BEC019;
			packageReferences = (
				1A3A2B0C24685FF80010A43C /* XCRemoteSwiftPackageReference "Kingfisher" */,
			);
			productRefGroup = 1AAC24872420252E00BEC019 /* Products */;
			projectDirPath = "";
			projectRoot = "";
			targets = (
				1AAC24852420252E00BEC019 /* todomovie */,
			);
		};
/* End PBXProject section */

/* Begin PBXResourcesBuildPhase section */
		1AAC24842420252E00BEC019 /* Resources */ = {
			isa = PBXResourcesBuildPhase;
			buildActionMask = 2147483647;
			files = (
				1AAC24962420252F00BEC019 /* LaunchScreen.storyboard in Resources */,
				1AAC24932420252F00BEC019 /* Assets.xcassets in Resources */,
				1AAC24912420252E00BEC019 /* Main.storyboard in Resources */,
			);
			runOnlyForDeploymentPostprocessing = 0;
		};
/* End PBXResourcesBuildPhase section */

/* Begin PBXSourcesBuildPhase section */
		1AAC24822420252E00BEC019 /* Sources */ = {
			isa = PBXSourcesBuildPhase;
			buildActionMask = 2147483647;
			files = (
				1AD0F369246613D400C47F0B /* Search.swift in Sources */,
				1AD0F3622466095000C47F0B /* Result.swift in Sources */,
				1AD0F36424660AAB00C47F0B /* URLSession.swift in Sources */,
				1A3A2AFF2468503F0010A43C /* MovieCell.swift in Sources */,
				1AAC248E2420252E00BEC019 /* SearchViewController.swift in Sources */,
				1AAC248A2420252E00BEC019 /* AppDelegate.swift in Sources */,
				1AD0F367246612B000C47F0B /* PagingResponse.swift in Sources */,
				1A2DFEC0246323BA00A682F6 /* Api.swift in Sources */,
				1AD0F3602466083200C47F0B /* HTTPMethod.swift in Sources */,
				1AAC248C2420252E00BEC019 /* SceneDelegate.swift in Sources */,
				1AD0F36B246613F300C47F0B /* KnownFor.swift in Sources */,
			);
			runOnlyForDeploymentPostprocessing = 0;
		};
/* End PBXSourcesBuildPhase section */

/* Begin PBXVariantGroup section */
		1AAC248F2420252E00BEC019 /* Main.storyboard */ = {
			isa = PBXVariantGroup;
			children = (
				1AAC24902420252E00BEC019 /* Base */,
			);
			name = Main.storyboard;
			sourceTree = "<group>";
		};
		1AAC24942420252F00BEC019 /* LaunchScreen.storyboard */ = {
			isa = PBXVariantGroup;
			children = (
				1AAC24952420252F00BEC019 /* Base */,
			);
			name = LaunchScreen.storyboard;
			sourceTree = "<group>";
		};
/* End PBXVariantGroup section */

/* Begin XCBuildConfiguration section */
		1AAC24982420252F00BEC019 /* Debug */ = {
			isa = XCBuildConfiguration;
			buildSettings = {
				ALWAYS_SEARCH_USER_PATHS = NO;
				CLANG_ANALYZER_NONNULL = YES;
				CLANG_ANALYZER_NUMBER_OBJECT_CONVERSION = YES_AGGRESSIVE;
				CLANG_CXX_LANGUAGE_STANDARD = "gnu++14";
				CLANG_CXX_LIBRARY = "libc++";
				CLANG_ENABLE_MODULES = YES;
				CLANG_ENABLE_OBJC_ARC = YES;
				CLANG_ENABLE_OBJC_WEAK = YES;
				CLANG_WARN_BLOCK_CAPTURE_AUTORELEASING = YES;
				CLANG_WARN_BOOL_CONVERSION = YES;
				CLANG_WARN_COMMA = YES;
				CLANG_WARN_CONSTANT_CONVERSION = YES;
				CLANG_WARN_DEPRECATED_OBJC_IMPLEMENTATIONS = YES;
				CLANG_WARN_DIRECT_OBJC_ISA_USAGE = YES_ERROR;
				CLANG_WARN_DOCUMENTATION_COMMENTS = YES;
				CLANG_WARN_EMPTY_BODY = YES;
				CLANG_WARN_ENUM_CONVERSION = YES;
				CLANG_WARN_INFINITE_RECURSION = YES;
				CLANG_WARN_INT_CONVERSION = YES;
				CLANG_WARN_NON_LITERAL_NULL_CONVERSION = YES;
				CLANG_WARN_OBJC_IMPLICIT_RETAIN_SELF = YES;
				CLANG_WARN_OBJC_LITERAL_CONVERSION = YES;
				CLANG_WARN_OBJC_ROOT_CLASS = YES_ERROR;
				CLANG_WARN_RANGE_LOOP_ANALYSIS = YES;
				CLANG_WARN_STRICT_PROTOTYPES = YES;
				CLANG_WARN_SUSPICIOUS_MOVE = YES;
				CLANG_WARN_UNGUARDED_AVAILABILITY = YES_AGGRESSIVE;
				CLANG_WARN_UNREACHABLE_CODE = YES;
				CLANG_WARN__DUPLICATE_METHOD_MATCH = YES;
				COPY_PHASE_STRIP = NO;
				DEBUG_INFORMATION_FORMAT = dwarf;
				ENABLE_STRICT_OBJC_MSGSEND = YES;
				ENABLE_TESTABILITY = YES;
				GCC_C_LANGUAGE_STANDARD = gnu11;
				GCC_DYNAMIC_NO_PIC = NO;
				GCC_NO_COMMON_BLOCKS = YES;
				GCC_OPTIMIZATION_LEVEL = 0;
				GCC_PREPROCESSOR_DEFINITIONS = (
					"DEBUG=1",
					"$(inherited)",
				);
				GCC_WARN_64_TO_32_BIT_CONVERSION = YES;
				GCC_WARN_ABOUT_RETURN_TYPE = YES_ERROR;
				GCC_WARN_UNDECLARED_SELECTOR = YES;
				GCC_WARN_UNINITIALIZED_AUTOS = YES_AGGRESSIVE;
				GCC_WARN_UNUSED_FUNCTION = YES;
				GCC_WARN_UNUSED_VARIABLE = YES;
				IPHONEOS_DEPLOYMENT_TARGET = 13.2;
				MTL_ENABLE_DEBUG_INFO = INCLUDE_SOURCE;
				MTL_FAST_MATH = YES;
				ONLY_ACTIVE_ARCH = YES;
				SDKROOT = iphoneos;
				SWIFT_ACTIVE_COMPILATION_CONDITIONS = DEBUG;
				SWIFT_OPTIMIZATION_LEVEL = "-Onone";
			};
			name = Debug;
		};
		1AAC24992420252F00BEC019 /* Release */ = {
			isa = XCBuildConfiguration;
			buildSettings = {
				ALWAYS_SEARCH_USER_PATHS = NO;
				CLANG_ANALYZER_NONNULL = YES;
				CLANG_ANALYZER_NUMBER_OBJECT_CONVERSION = YES_AGGRESSIVE;
				CLANG_CXX_LANGUAGE_STANDARD = "gnu++14";
				CLANG_CXX_LIBRARY = "libc++";
				CLANG_ENABLE_MODULES = YES;
				CLANG_ENABLE_OBJC_ARC = YES;
				CLANG_ENABLE_OBJC_WEAK = YES;
				CLANG_WARN_BLOCK_CAPTURE_AUTORELEASING = YES;
				CLANG_WARN_BOOL_CONVERSION = YES;
				CLANG_WARN_COMMA = YES;
				CLANG_WARN_CONSTANT_CONVERSION = YES;
				CLANG_WARN_DEPRECATED_OBJC_IMPLEMENTATIONS = YES;
				CLANG_WARN_DIRECT_OBJC_ISA_USAGE = YES_ERROR;
				CLANG_WARN_DOCUMENTATION_COMMENTS = YES;
				CLANG_WARN_EMPTY_BODY = YES;
				CLANG_WARN_ENUM_CONVERSION = YES;
				CLANG_WARN_INFINITE_RECURSION = YES;
				CLANG_WARN_INT_CONVERSION = YES;
				CLANG_WARN_NON_LITERAL_NULL_CONVERSION = YES;
				CLANG_WARN_OBJC_IMPLICIT_RETAIN_SELF = YES;
				CLANG_WARN_OBJC_LITERAL_CONVERSION = YES;
				CLANG_WARN_OBJC_ROOT_CLASS = YES_ERROR;
				CLANG_WARN_RANGE_LOOP_ANALYSIS = YES;
				CLANG_WARN_STRICT_PROTOTYPES = YES;
				CLANG_WARN_SUSPICIOUS_MOVE = YES;
				CLANG_WARN_UNGUARDED_AVAILABILITY = YES_AGGRESSIVE;
				CLANG_WARN_UNREACHABLE_CODE = YES;
				CLANG_WARN__DUPLICATE_METHOD_MATCH = YES;
				COPY_PHASE_STRIP = NO;
				DEBUG_INFORMATION_FORMAT = "dwarf-with-dsym";
				ENABLE_NS_ASSERTIONS = NO;
				ENABLE_STRICT_OBJC_MSGSEND = YES;
				GCC_C_LANGUAGE_STANDARD = gnu11;
				GCC_NO_COMMON_BLOCKS = YES;
				GCC_WARN_64_TO_32_BIT_CONVERSION = YES;
				GCC_WARN_ABOUT_RETURN_TYPE = YES_ERROR;
				GCC_WARN_UNDECLARED_SELECTOR = YES;
				GCC_WARN_UNINITIALIZED_AUTOS = YES_AGGRESSIVE;
				GCC_WARN_UNUSED_FUNCTION = YES;
				GCC_WARN_UNUSED_VARIABLE = YES;
				IPHONEOS_DEPLOYMENT_TARGET = 13.2;
				MTL_ENABLE_DEBUG_INFO = NO;
				MTL_FAST_MATH = YES;
				SDKROOT = iphoneos;
				SWIFT_COMPILATION_MODE = wholemodule;
				SWIFT_OPTIMIZATION_LEVEL = "-O";
				VALIDATE_PRODUCT = YES;
			};
			name = Release;
		};
		1AAC249B2420252F00BEC019 /* Debug */ = {
			isa = XCBuildConfiguration;
			buildSettings = {
				ASSETCATALOG_COMPILER_APPICON_NAME = AppIcon;
				CODE_SIGN_STYLE = Automatic;
				DEVELOPMENT_TEAM = 4NCK4Y8K94;
				INFOPLIST_FILE = todomovie/Info.plist;
				LD_RUNPATH_SEARCH_PATHS = (
					"$(inherited)",
					"@executable_path/Frameworks",
				);
				PRODUCT_BUNDLE_IDENTIFIER = con.dtunctuncer.todomovie;
				PRODUCT_NAME = "$(TARGET_NAME)";
				SWIFT_VERSION = 5.0;
				TARGETED_DEVICE_FAMILY = "1,2";
			};
			name = Debug;
		};
		1AAC249C2420252F00BEC019 /* Release */ = {
			isa = XCBuildConfiguration;
			buildSettings = {
				ASSETCATALOG_COMPILER_APPICON_NAME = AppIcon;
				CODE_SIGN_STYLE = Automatic;
				DEVELOPMENT_TEAM = 4NCK4Y8K94;
				INFOPLIST_FILE = todomovie/Info.plist;
				LD_RUNPATH_SEARCH_PATHS = (
					"$(inherited)",
					"@executable_path/Frameworks",
				);
				PRODUCT_BUNDLE_IDENTIFIER = con.dtunctuncer.todomovie;
				PRODUCT_NAME = "$(TARGET_NAME)";
				SWIFT_VERSION = 5.0;
				TARGETED_DEVICE_FAMILY = "1,2";
			};
			name = Release;
		};
/* End XCBuildConfiguration section */

/* Begin XCConfigurationList section */
		1AAC24812420252E00BEC019 /* Build configuration list for PBXProject "todomovie" */ = {
			isa = XCConfigurationList;
			buildConfigurations = (
				1AAC24982420252F00BEC019 /* Debug */,
				1AAC24992420252F00BEC019 /* Release */,
			);
			defaultConfigurationIsVisible = 0;
			defaultConfigurationName = Release;
		};
		1AAC249A2420252F00BEC019 /* Build configuration list for PBXNativeTarget "todomovie" */ = {
			isa = XCConfigurationList;
			buildConfigurations = (
				1AAC249B2420252F00BEC019 /* Debug */,
				1AAC249C2420252F00BEC019 /* Release */,
			);
			defaultConfigurationIsVisible = 0;
			defaultConfigurationName = Release;
		};
/* End XCConfigurationList section */

/* Begin XCRemoteSwiftPackageReference section */
		1A3A2B0C24685FF80010A43C /* XCRemoteSwiftPackageReference "Kingfisher" */ = {
			isa = XCRemoteSwiftPackageReference;
			repositoryURL = "https://github.com/onevcat/Kingfisher.git";
			requirement = {
				kind = upToNextMajorVersion;
				minimumVersion = 5.8.0;
			};
		};
/* End XCRemoteSwiftPackageReference section */

/* Begin XCSwiftPackageProductDependency section */
		1A3A2B0D24685FF80010A43C /* Kingfisher */ = {
			isa = XCSwiftPackageProductDependency;
			package = 1A3A2B0C24685FF80010A43C /* XCRemoteSwiftPackageReference "Kingfisher" */;
			productName = Kingfisher;
		};
/* End XCSwiftPackageProductDependency section */
	};
	rootObject = 1AAC247E2420252E00BEC019 /* Project object */;
}
